<?xml version="1.0" encoding="utf-8"?>
<Project ToolsVersion="16.0" xmlns="http://schemas.microsoft.com/developer/msbuild/2003">
  <ItemGroup>
    <ClCompile Include="C:\Users\TemaboomPC\Desktop\NewProject\CMake-Template\gtest\gtest-all.cc">
      <Filter>Source Files</Filter>
    </ClCompile>
  </ItemGroup>
  <ItemGroup>
    <ClInclude Include="C:\Users\TemaboomPC\Desktop\NewProject\CMake-Template\gtest\gtest.h">
      <Filter>Header Files</Filter>
    </ClInclude>
  </ItemGroup>
  <ItemGroup>
    <CustomBuild Include="C:\Users\TemaboomPC\Desktop\NewProject\CMake-Template\gtest\CMakeLists.txt" />
  </ItemGroup>
  <ItemGroup>
    <Filter Include="Header Files">
      <UniqueIdentifier>{CC2AEDDC-0DA7-30A7-8F48-0A18EAE0821B}</UniqueIdentifier>
    </Filter>
    <Filter Include="Source Files">
      <UniqueIdentifier>{4AFDBE99-3198-399D-AA7F-6B62ADF5252E}</UniqueIdentifier>
    </Filter>
  </ItemGroup>
</Project>
