
Microsoft Visual Studio Solution File, Format Version 12.00
# Visual Studio Version 16
Project("{8BC9CEB8-8B4A-11D0-8D11-00A0C91BC942}") = "ALL_BUILD", "ALL_BUILD.vcxproj", "{96F21BC4-D434-30D3-8FAE-3F2B4E499643}"
	ProjectSection(ProjectDependencies) = postProject
		{54F7AE51-D5AA-324C-8B61-EF868C1F5130} = {54F7AE51-D5AA-324C-8B61-EF868C1F5130}
		{CEB9726C-77A9-3ED8-B77F-9771467BE74A} = {CEB9726C-77A9-3ED8-B77F-9771467BE74A}
		{F1D2C3F8-190D-330F-A1A5-EE8A386724D0} = {F1D2C3F8-190D-330F-A1A5-EE8A386724D0}
		{9F877EAC-EC28-3088-913D-4A56FFB00EC4} = {9F877EAC-EC28-3088-913D-4A56FFB00EC4}
		{E56C8A0F-5378-3188-AF09-7BE57879C056} = {E56C8A0F-5378-3188-AF09-7BE57879C056}
		{3F64D28D-4716-38B5-96D6-AD2BA7794F44} = {3F64D28D-4716-38B5-96D6-AD2BA7794F44}
		{3AAAA700-EF2F-33A2-BEC2-9A0F03794D3A} = {3AAAA700-EF2F-33A2-BEC2-9A0F03794D3A}
	EndProjectSection
EndProject
Project("{8BC9CEB8-8B4A-11D0-8D11-00A0C91BC942}") = "AllTests", "test\AllTests.vcxproj", "{54F7AE51-D5AA-324C-8B61-EF868C1F5130}"
	ProjectSection(ProjectDependencies) = postProject
		{F1D2C3F8-190D-330F-A1A5-EE8A386724D0} = {F1D2C3F8-190D-330F-A1A5-EE8A386724D0}
		{9F877EAC-EC28-3088-913D-4A56FFB00EC4} = {9F877EAC-EC28-3088-913D-4A56FFB00EC4}
		{E56C8A0F-5378-3188-AF09-7BE57879C056} = {E56C8A0F-5378-3188-AF09-7BE57879C056}
		{3F64D28D-4716-38B5-96D6-AD2BA7794F44} = {3F64D28D-4716-38B5-96D6-AD2BA7794F44}
		{3AAAA700-EF2F-33A2-BEC2-9A0F03794D3A} = {3AAAA700-EF2F-33A2-BEC2-9A0F03794D3A}
	EndProjectSection
EndProject
Project("{8BC9CEB8-8B4A-11D0-8D11-00A0C91BC942}") = "Application", "main\Application.vcxproj", "{CEB9726C-77A9-3ED8-B77F-9771467BE74A}"
	ProjectSection(ProjectDependencies) = postProject
		{F1D2C3F8-190D-330F-A1A5-EE8A386724D0} = {F1D2C3F8-190D-330F-A1A5-EE8A386724D0}
		{9F877EAC-EC28-3088-913D-4A56FFB00EC4} = {9F877EAC-EC28-3088-913D-4A56FFB00EC4}
		{E56C8A0F-5378-3188-AF09-7BE57879C056} = {E56C8A0F-5378-3188-AF09-7BE57879C056}
		{3F64D28D-4716-38B5-96D6-AD2BA7794F44} = {3F64D28D-4716-38B5-96D6-AD2BA7794F44}
	EndProjectSection
EndProject
Project("{8BC9CEB8-8B4A-11D0-8D11-00A0C91BC942}") = "LibName", "lib_example\LibName.vcxproj", "{F1D2C3F8-190D-330F-A1A5-EE8A386724D0}"
	ProjectSection(ProjectDependencies) = postProject
		{3F64D28D-4716-38B5-96D6-AD2BA7794F44} = {3F64D28D-4716-38B5-96D6-AD2BA7794F44}
	EndProjectSection
EndProject
Project("{8BC9CEB8-8B4A-11D0-8D11-00A0C91BC942}") = "List", "list\List.vcxproj", "{9F877EAC-EC28-3088-913D-4A56FFB00EC4}"
	ProjectSection(ProjectDependencies) = postProject
		{3F64D28D-4716-38B5-96D6-AD2BA7794F44} = {3F64D28D-4716-38B5-96D6-AD2BA7794F44}
	EndProjectSection
EndProject
Project("{8BC9CEB8-8B4A-11D0-8D11-00A0C91BC942}") = "Queue", "queue\Queue.vcxproj", "{E56C8A0F-5378-3188-AF09-7BE57879C056}"
	ProjectSection(ProjectDependencies) = postProject
		{F1D2C3F8-190D-330F-A1A5-EE8A386724D0} = {F1D2C3F8-190D-330F-A1A5-EE8A386724D0}
		{9F877EAC-EC28-3088-913D-4A56FFB00EC4} = {9F877EAC-EC28-3088-913D-4A56FFB00EC4}
		{3F64D28D-4716-38B5-96D6-AD2BA7794F44} = {3F64D28D-4716-38B5-96D6-AD2BA7794F44}
	EndProjectSection
EndProject
Project("{8BC9CEB8-8B4A-11D0-8D11-00A0C91BC942}") = "ZERO_CHECK", "ZERO_CHECK.vcxproj", "{3F64D28D-4716-38B5-96D6-AD2BA7794F44}"
	ProjectSection(ProjectDependencies) = postProject
	EndProjectSection
EndProject
Project("{8BC9CEB8-8B4A-11D0-8D11-00A0C91BC942}") = "gtest", "gtest\gtest.vcxproj", "{3AAAA700-EF2F-33A2-BEC2-9A0F03794D3A}"
	ProjectSection(ProjectDependencies) = postProject
		{3F64D28D-4716-38B5-96D6-AD2BA7794F44} = {3F64D28D-4716-38B5-96D6-AD2BA7794F44}
	EndProjectSection
EndProject
Global
	GlobalSection(SolutionConfigurationPlatforms) = preSolution
		Debug|x64 = Debug|x64
		Release|x64 = Release|x64
		MinSizeRel|x64 = MinSizeRel|x64
		RelWithDebInfo|x64 = RelWithDebInfo|x64
	EndGlobalSection
	GlobalSection(ProjectConfigurationPlatforms) = postSolution
		{96F21BC4-D434-30D3-8FAE-3F2B4E499643}.Debug|x64.ActiveCfg = Debug|x64
		{96F21BC4-D434-30D3-8FAE-3F2B4E499643}.Release|x64.ActiveCfg = Release|x64
		{96F21BC4-D434-30D3-8FAE-3F2B4E499643}.MinSizeRel|x64.ActiveCfg = MinSizeRel|x64
		{96F21BC4-D434-30D3-8FAE-3F2B4E499643}.RelWithDebInfo|x64.ActiveCfg = RelWithDebInfo|x64
		{54F7AE51-D5AA-324C-8B61-EF868C1F5130}.Debug|x64.ActiveCfg = Debug|x64
		{54F7AE51-D5AA-324C-8B61-EF868C1F5130}.Debug|x64.Build.0 = Debug|x64
		{54F7AE51-D5AA-324C-8B61-EF868C1F5130}.Release|x64.ActiveCfg = Release|x64
		{54F7AE51-D5AA-324C-8B61-EF868C1F5130}.Release|x64.Build.0 = Release|x64
		{54F7AE51-D5AA-324C-8B61-EF868C1F5130}.MinSizeRel|x64.ActiveCfg = MinSizeRel|x64
		{54F7AE51-D5AA-324C-8B61-EF868C1F5130}.MinSizeRel|x64.Build.0 = MinSizeRel|x64
		{54F7AE51-D5AA-324C-8B61-EF868C1F5130}.RelWithDebInfo|x64.ActiveCfg = RelWithDebInfo|x64
		{54F7AE51-D5AA-324C-8B61-EF868C1F5130}.RelWithDebInfo|x64.Build.0 = RelWithDebInfo|x64
		{CEB9726C-77A9-3ED8-B77F-9771467BE74A}.Debug|x64.ActiveCfg = Debug|x64
		{CEB9726C-77A9-3ED8-B77F-9771467BE74A}.Debug|x64.Build.0 = Debug|x64
		{CEB9726C-77A9-3ED8-B77F-9771467BE74A}.Release|x64.ActiveCfg = Release|x64
		{CEB9726C-77A9-3ED8-B77F-9771467BE74A}.Release|x64.Build.0 = Release|x64
		{CEB9726C-77A9-3ED8-B77F-9771467BE74A}.MinSizeRel|x64.ActiveCfg = MinSizeRel|x64
		{CEB9726C-77A9-3ED8-B77F-9771467BE74A}.MinSizeRel|x64.Build.0 = MinSizeRel|x64
		{CEB9726C-77A9-3ED8-B77F-9771467BE74A}.RelWithDebInfo|x64.ActiveCfg = RelWithDebInfo|x64
		{CEB9726C-77A9-3ED8-B77F-9771467BE74A}.RelWithDebInfo|x64.Build.0 = RelWithDebInfo|x64
		{F1D2C3F8-190D-330F-A1A5-EE8A386724D0}.Debug|x64.ActiveCfg = Debug|x64
		{F1D2C3F8-190D-330F-A1A5-EE8A386724D0}.Debug|x64.Build.0 = Debug|x64
		{F1D2C3F8-190D-330F-A1A5-EE8A386724D0}.Release|x64.ActiveCfg = Release|x64
		{F1D2C3F8-190D-330F-A1A5-EE8A386724D0}.Release|x64.Build.0 = Release|x64
		{F1D2C3F8-190D-330F-A1A5-EE8A386724D0}.MinSizeRel|x64.ActiveCfg = MinSizeRel|x64
		{F1D2C3F8-190D-330F-A1A5-EE8A386724D0}.MinSizeRel|x64.Build.0 = MinSizeRel|x64
		{F1D2C3F8-190D-330F-A1A5-EE8A386724D0}.RelWithDebInfo|x64.ActiveCfg = RelWithDebInfo|x64
		{F1D2C3F8-190D-330F-A1A5-EE8A386724D0}.RelWithDebInfo|x64.Build.0 = RelWithDebInfo|x64
		{9F877EAC-EC28-3088-913D-4A56FFB00EC4}.Debug|x64.ActiveCfg = Debug|x64
		{9F877EAC-EC28-3088-913D-4A56FFB00EC4}.Debug|x64.Build.0 = Debug|x64
		{9F877EAC-EC28-3088-913D-4A56FFB00EC4}.Release|x64.ActiveCfg = Release|x64
		{9F877EAC-EC28-3088-913D-4A56FFB00EC4}.Release|x64.Build.0 = Release|x64
		{9F877EAC-EC28-3088-913D-4A56FFB00EC4}.MinSizeRel|x64.ActiveCfg = MinSizeRel|x64
		{9F877EAC-EC28-3088-913D-4A56FFB00EC4}.MinSizeRel|x64.Build.0 = MinSizeRel|x64
		{9F877EAC-EC28-3088-913D-4A56FFB00EC4}.RelWithDebInfo|x64.ActiveCfg = RelWithDebInfo|x64
		{9F877EAC-EC28-3088-913D-4A56FFB00EC4}.RelWithDebInfo|x64.Build.0 = RelWithDebInfo|x64
		{E56C8A0F-5378-3188-AF09-7BE57879C056}.Debug|x64.ActiveCfg = Debug|x64
		{E56C8A0F-5378-3188-AF09-7BE57879C056}.Debug|x64.Build.0 = Debug|x64
		{E56C8A0F-5378-3188-AF09-7BE57879C056}.Release|x64.ActiveCfg = Release|x64
		{E56C8A0F-5378-3188-AF09-7BE57879C056}.Release|x64.Build.0 = Release|x64
		{E56C8A0F-5378-3188-AF09-7BE57879C056}.MinSizeRel|x64.ActiveCfg = MinSizeRel|x64
		{E56C8A0F-5378-3188-AF09-7BE57879C056}.MinSizeRel|x64.Build.0 = MinSizeRel|x64
		{E56C8A0F-5378-3188-AF09-7BE57879C056}.RelWithDebInfo|x64.ActiveCfg = RelWithDebInfo|x64
		{E56C8A0F-5378-3188-AF09-7BE57879C056}.RelWithDebInfo|x64.Build.0 = RelWithDebInfo|x64
		{3F64D28D-4716-38B5-96D6-AD2BA7794F44}.Debug|x64.ActiveCfg = Debug|x64
		{3F64D28D-4716-38B5-96D6-AD2BA7794F44}.Debug|x64.Build.0 = Debug|x64
		{3F64D28D-4716-38B5-96D6-AD2BA7794F44}.Release|x64.ActiveCfg = Release|x64
		{3F64D28D-4716-38B5-96D6-AD2BA7794F44}.Release|x64.Build.0 = Release|x64
		{3F64D28D-4716-38B5-96D6-AD2BA7794F44}.MinSizeRel|x64.ActiveCfg = MinSizeRel|x64
		{3F64D28D-4716-38B5-96D6-AD2BA7794F44}.MinSizeRel|x64.Build.0 = MinSizeRel|x64
		{3F64D28D-4716-38B5-96D6-AD2BA7794F44}.RelWithDebInfo|x64.ActiveCfg = RelWithDebInfo|x64
		{3F64D28D-4716-38B5-96D6-AD2BA7794F44}.RelWithDebInfo|x64.Build.0 = RelWithDebInfo|x64
		{3AAAA700-EF2F-33A2-BEC2-9A0F03794D3A}.Debug|x64.ActiveCfg = Debug|x64
		{3AAAA700-EF2F-33A2-BEC2-9A0F03794D3A}.Debug|x64.Build.0 = Debug|x64
		{3AAAA700-EF2F-33A2-BEC2-9A0F03794D3A}.Release|x64.ActiveCfg = Release|x64
		{3AAAA700-EF2F-33A2-BEC2-9A0F03794D3A}.Release|x64.Build.0 = Release|x64
		{3AAAA700-EF2F-33A2-BEC2-9A0F03794D3A}.MinSizeRel|x64.ActiveCfg = MinSizeRel|x64
		{3AAAA700-EF2F-33A2-BEC2-9A0F03794D3A}.MinSizeRel|x64.Build.0 = MinSizeRel|x64
		{3AAAA700-EF2F-33A2-BEC2-9A0F03794D3A}.RelWithDebInfo|x64.ActiveCfg = RelWithDebInfo|x64
		{3AAAA700-EF2F-33A2-BEC2-9A0F03794D3A}.RelWithDebInfo|x64.Build.0 = RelWithDebInfo|x64
	EndGlobalSection
	GlobalSection(ExtensibilityGlobals) = postSolution
		SolutionGuid = {C0B23710-DCD0-3E77-9339-C4BE7289524B}
	EndGlobalSection
	GlobalSection(ExtensibilityAddIns) = postSolution
	EndGlobalSection
EndGlobal
